
Microsoft Visual Studio Solution File, Format Version 12.00
# Visual Studio Version 17
VisualStudioVersion = 17.14.37111.16 d17.14
MinimumVisualStudioVersion = 10.0.40219.1
Project("{FAE04EC0-301F-11D3-BF4B-00C04F79EFBC}") = "experiment3", "experiment3\experiment3.csproj", "{F4D7800A-1E69-4F0C-A83E-1C597379A01E}"
EndProject
Global
	GlobalSection(SolutionConfigurationPlatforms) = preSolution
		Debug|Any CPU = Debug|Any CPU
		Release|Any CPU = Release|Any CPU
	EndGlobalSection
	GlobalSection(ProjectConfigurationPlatforms) = postSolution
		{F4D7800A-1E69-4F0C-A83E-1C597379A01E}.Debug|Any CPU.ActiveCfg = Debug|Any CPU
		{F4D7800A-1E69-4F0C-A83E-1C597379A01E}.Debug|Any CPU.Build.0 = Debug|Any CPU
		{F4D7800A-1E69-4F0C-A83E-1C597379A01E}.Release|Any CPU.ActiveCfg = Release|Any CPU
		{F4D7800A-1E69-4F0C-A83E-1C597379A01E}.Release|Any CPU.Build.0 = Release|Any CPU
	EndGlobalSection
	GlobalSection(SolutionProperties) = preSolution
		HideSolutionNode = FALSE
	EndGlobalSection
	GlobalSection(ExtensibilityGlobals) = postSolution
		SolutionGuid = {10E232ED-6FB6-4CAE-9704-ACEC52FFD49F}
	EndGlobalSection
EndGlobal
