
Microsoft Visual Studio Solution File, Format Version 12.00
# Visual Studio Version 17
VisualStudioVersion = 17.14.37111.16 d17.14
MinimumVisualStudioVersion = 10.0.40219.1
Project("{FAE04EC0-301F-11D3-BF4B-00C04F79EFBC}") = "EXPERIMENT12_CRUD", "EXPERIMENT12_CRUD\EXPERIMENT12_CRUD.csproj", "{121FE2BD-2CBA-422F-92DF-DE7CA3900A14}"
EndProject
Global
	GlobalSection(SolutionConfigurationPlatforms) = preSolution
		Debug|Any CPU = Debug|Any CPU
		Release|Any CPU = Release|Any CPU
	EndGlobalSection
	GlobalSection(ProjectConfigurationPlatforms) = postSolution
		{121FE2BD-2CBA-422F-92DF-DE7CA3900A14}.Debug|Any CPU.ActiveCfg = Debug|Any CPU
		{121FE2BD-2CBA-422F-92DF-DE7CA3900A14}.Debug|Any CPU.Build.0 = Debug|Any CPU
		{121FE2BD-2CBA-422F-92DF-DE7CA3900A14}.Release|Any CPU.ActiveCfg = Release|Any CPU
		{121FE2BD-2CBA-422F-92DF-DE7CA3900A14}.Release|Any CPU.Build.0 = Release|Any CPU
	EndGlobalSection
	GlobalSection(SolutionProperties) = preSolution
		HideSolutionNode = FALSE
	EndGlobalSection
	GlobalSection(ExtensibilityGlobals) = postSolution
		SolutionGuid = {51A08D22-DA53-4B61-BC48-1093D43D41EB}
	EndGlobalSection
EndGlobal
